
Microsoft Visual Studio Solution File, Format Version 12.00
# Visual Studio Version 17
VisualStudioVersion = 17.10.34825.169
MinimumVisualStudioVersion = 10.0.40219.1
Project("{9A19103F-16F7-4668-BE54-9A1E7A4F7556}") = "CollisionSceneBinaryCLI", "CollisionSceneBinaryTool\CollisionSceneBinaryCLI.csproj", "{D957894C-89B1-4ED0-AA53-634202C6A2BD}"
EndProject
Project("{9A19103F-16F7-4668-BE54-9A1E7A4F7556}") = "CollisionSceneBinaryUI", "CollisionSceneBinaryUI\CollisionSceneBinaryUI.csproj", "{AE72FAFD-9833-4A42-9215-FD0F3DEA4382}"
EndProject
Project("{9A19103F-16F7-4668-BE54-9A1E7A4F7556}") = "CollisionSceneBinaryLibrary", "CollisionSceneBinaryLibrary\CollisionSceneBinaryLibrary.csproj", "{E8E7B663-EC5F-4BB7-A3BD-09662A236F5C}"
EndProject
Global
	GlobalSection(SolutionConfigurationPlatforms) = preSolution
		Debug|Any CPU = Debug|Any CPU
		Release|Any CPU = Release|Any CPU
	EndGlobalSection
	GlobalSection(ProjectConfigurationPlatforms) = postSolution
		{D957894C-89B1-4ED0-AA53-634202C6A2BD}.Debug|Any CPU.ActiveCfg = Debug|Any CPU
		{D957894C-89B1-4ED0-AA53-634202C6A2BD}.Debug|Any CPU.Build.0 = Debug|Any CPU
		{D957894C-89B1-4ED0-AA53-634202C6A2BD}.Release|Any CPU.ActiveCfg = Release|Any CPU
		{D957894C-89B1-4ED0-AA53-634202C6A2BD}.Release|Any CPU.Build.0 = Release|Any CPU
		{AE72FAFD-9833-4A42-9215-FD0F3DEA4382}.Debug|Any CPU.ActiveCfg = Debug|Any CPU
		{AE72FAFD-9833-4A42-9215-FD0F3DEA4382}.Debug|Any CPU.Build.0 = Debug|Any CPU
		{AE72FAFD-9833-4A42-9215-FD0F3DEA4382}.Release|Any CPU.ActiveCfg = Release|Any CPU
		{AE72FAFD-9833-4A42-9215-FD0F3DEA4382}.Release|Any CPU.Build.0 = Release|Any CPU
		{E8E7B663-EC5F-4BB7-A3BD-09662A236F5C}.Debug|Any CPU.ActiveCfg = Debug|Any CPU
		{E8E7B663-EC5F-4BB7-A3BD-09662A236F5C}.Debug|Any CPU.Build.0 = Debug|Any CPU
		{E8E7B663-EC5F-4BB7-A3BD-09662A236F5C}.Release|Any CPU.ActiveCfg = Release|Any CPU
		{E8E7B663-EC5F-4BB7-A3BD-09662A236F5C}.Release|Any CPU.Build.0 = Release|Any CPU
	EndGlobalSection
	GlobalSection(SolutionProperties) = preSolution
		HideSolutionNode = FALSE
	EndGlobalSection
	GlobalSection(ExtensibilityGlobals) = postSolution
		SolutionGuid = {0B9FC9D6-195D-4437-94F6-E08DC91C03A7}
	EndGlobalSection
EndGlobal
